<?xml version="1.0" encoding="UTF-8"?>
<CodeBlocks_project_file>
	<FileVersion major="1" minor="6"/>
	<Project>
		<Option title="LChain"/>
		<Option makefile_is_custom="1"/>
		<Option compiler="gcc"/>
		<Option virtualFolders="CMake Files\;CMake Files\googletest\;CMake Files\googletest\googlemock\;CMake Files\googletest\googlemock\cmake\;CMake Files\googletest\googletest\;CMake Files\googletest\googletest\cmake\;CMake Files\Console\;CMake Files\CMake\;CMake Files\Abstractions\;CMake Files\SocketServer\;CMake Files\HttpServer\;"/>
		<Build>
			<Target title="all">
				<Option working_dir="/mnt/d/Personal/cpp-webserver-eventdriven"/>
				<Option type="4"/>
				<MakeCommands>
					<Build command="/usr/bin/make -f &quot;/mnt/d/Personal/cpp-webserver-eventdriven/Makefile&quot;  VERBOSE=1 all"/>
					<CompileFile command="/usr/bin/make -f &quot;/mnt/d/Personal/cpp-webserver-eventdriven/Makefile&quot;  VERBOSE=1 &quot;$file&quot;"/>
					<Clean command="/usr/bin/make -f &quot;/mnt/d/Personal/cpp-webserver-eventdriven/Makefile&quot;  VERBOSE=1 clean"/>
					<DistClean command="/usr/bin/make -f &quot;/mnt/d/Personal/cpp-webserver-eventdriven/Makefile&quot;  VERBOSE=1 clean"/>
				</MakeCommands>
			</Target>
			<Target title="install/strip">
				<Option working_dir="/mnt/d/Personal/cpp-webserver-eventdriven"/>
				<Option type="4"/>
				<MakeCommands>
					<Build command="/usr/bin/make -f &quot;/mnt/d/Personal/cpp-webserver-eventdriven/Makefile&quot;  VERBOSE=1 install/strip"/>
					<CompileFile command="/usr/bin/make -f &quot;/mnt/d/Personal/cpp-webserver-eventdriven/Makefile&quot;  VERBOSE=1 &quot;$file&quot;"/>
					<Clean command="/usr/bin/make -f &quot;/mnt/d/Personal/cpp-webserver-eventdriven/Makefile&quot;  VERBOSE=1 clean"/>
					<DistClean command="/usr/bin/make -f &quot;/mnt/d/Personal/cpp-webserver-eventdriven/Makefile&quot;  VERBOSE=1 clean"/>
				</MakeCommands>
			</Target>
			<Target title="install/local">
				<Option working_dir="/mnt/d/Personal/cpp-webserver-eventdriven"/>
				<Option type="4"/>
				<MakeCommands>
					<Build command="/usr/bin/make -f &quot;/mnt/d/Personal/cpp-webserver-eventdriven/Makefile&quot;  VERBOSE=1 install/local"/>
					<CompileFile command="/usr/bin/make -f &quot;/mnt/d/Personal/cpp-webserver-eventdriven/Makefile&quot;  VERBOSE=1 &quot;$file&quot;"/>
					<Clean command="/usr/bin/make -f &quot;/mnt/d/Personal/cpp-webserver-eventdriven/Makefile&quot;  VERBOSE=1 clean"/>
					<DistClean command="/usr/bin/make -f &quot;/mnt/d/Personal/cpp-webserver-eventdriven/Makefile&quot;  VERBOSE=1 clean"/>
				</MakeCommands>
			</Target>
			<Target title="edit_cache">
				<Option working_dir="/mnt/d/Personal/cpp-webserver-eventdriven"/>
				<Option type="4"/>
				<MakeCommands>
					<Build command="/usr/bin/make -f &quot;/mnt/d/Personal/cpp-webserver-eventdriven/Makefile&quot;  VERBOSE=1 edit_cache"/>
					<CompileFile command="/usr/bin/make -f &quot;/mnt/d/Personal/cpp-webserver-eventdriven/Makefile&quot;  VERBOSE=1 &quot;$file&quot;"/>
					<Clean command="/usr/bin/make -f &quot;/mnt/d/Personal/cpp-webserver-eventdriven/Makefile&quot;  VERBOSE=1 clean"/>
					<DistClean command="/usr/bin/make -f &quot;/mnt/d/Personal/cpp-webserver-eventdriven/Makefile&quot;  VERBOSE=1 clean"/>
				</MakeCommands>
			</Target>
			<Target title="test">
				<Option working_dir="/mnt/d/Personal/cpp-webserver-eventdriven"/>
				<Option type="4"/>
				<MakeCommands>
					<Build command="/usr/bin/make -f &quot;/mnt/d/Personal/cpp-webserver-eventdriven/Makefile&quot;  VERBOSE=1 test"/>
					<CompileFile command="/usr/bin/make -f &quot;/mnt/d/Personal/cpp-webserver-eventdriven/Makefile&quot;  VERBOSE=1 &quot;$file&quot;"/>
					<Clean command="/usr/bin/make -f &quot;/mnt/d/Personal/cpp-webserver-eventdriven/Makefile&quot;  VERBOSE=1 clean"/>
					<DistClean command="/usr/bin/make -f &quot;/mnt/d/Personal/cpp-webserver-eventdriven/Makefile&quot;  VERBOSE=1 clean"/>
				</MakeCommands>
			</Target>
			<Target title="rebuild_cache">
				<Option working_dir="/mnt/d/Personal/cpp-webserver-eventdriven"/>
				<Option type="4"/>
				<MakeCommands>
					<Build command="/usr/bin/make -f &quot;/mnt/d/Personal/cpp-webserver-eventdriven/Makefile&quot;  VERBOSE=1 rebuild_cache"/>
					<CompileFile command="/usr/bin/make -f &quot;/mnt/d/Personal/cpp-webserver-eventdriven/Makefile&quot;  VERBOSE=1 &quot;$file&quot;"/>
					<Clean command="/usr/bin/make -f &quot;/mnt/d/Personal/cpp-webserver-eventdriven/Makefile&quot;  VERBOSE=1 clean"/>
					<DistClean command="/usr/bin/make -f &quot;/mnt/d/Personal/cpp-webserver-eventdriven/Makefile&quot;  VERBOSE=1 clean"/>
				</MakeCommands>
			</Target>
			<Target title="list_install_components">
				<Option working_dir="/mnt/d/Personal/cpp-webserver-eventdriven"/>
				<Option type="4"/>
				<MakeCommands>
					<Build command="/usr/bin/make -f &quot;/mnt/d/Personal/cpp-webserver-eventdriven/Makefile&quot;  VERBOSE=1 list_install_components"/>
					<CompileFile command="/usr/bin/make -f &quot;/mnt/d/Personal/cpp-webserver-eventdriven/Makefile&quot;  VERBOSE=1 &quot;$file&quot;"/>
					<Clean command="/usr/bin/make -f &quot;/mnt/d/Personal/cpp-webserver-eventdriven/Makefile&quot;  VERBOSE=1 clean"/>
					<DistClean command="/usr/bin/make -f &quot;/mnt/d/Personal/cpp-webserver-eventdriven/Makefile&quot;  VERBOSE=1 clean"/>
				</MakeCommands>
			</Target>
			<Target title="install">
				<Option working_dir="/mnt/d/Personal/cpp-webserver-eventdriven"/>
				<Option type="4"/>
				<MakeCommands>
					<Build command="/usr/bin/make -f &quot;/mnt/d/Personal/cpp-webserver-eventdriven/Makefile&quot;  VERBOSE=1 install"/>
					<CompileFile command="/usr/bin/make -f &quot;/mnt/d/Personal/cpp-webserver-eventdriven/Makefile&quot;  VERBOSE=1 &quot;$file&quot;"/>
					<Clean command="/usr/bin/make -f &quot;/mnt/d/Personal/cpp-webserver-eventdriven/Makefile&quot;  VERBOSE=1 clean"/>
					<DistClean command="/usr/bin/make -f &quot;/mnt/d/Personal/cpp-webserver-eventdriven/Makefile&quot;  VERBOSE=1 clean"/>
				</MakeCommands>
			</Target>
			<Target title="gmock_main">
				<Option output="/mnt/d/Personal/cpp-webserver-eventdriven/lib/libgmock_maind.a" prefix_auto="0" extension_auto="0"/>
				<Option working_dir="/mnt/d/Personal/cpp-webserver-eventdriven/googletest/googlemock"/>
				<Option object_output="./"/>
				<Option type="2"/>
				<Option compiler="gcc"/>
				<Compiler>
					<Add option="-D_CRT_SECURE_NO_WARNINGS"/>
					<Add option="-D_SCL_SECURE_NO_WARNINGS"/>
					<Add directory="/mnt/d/Personal/cpp-webserver-eventdriven/googletest/googlemock/include"/>
					<Add directory="/mnt/d/Personal/cpp-webserver-eventdriven/googletest/googlemock"/>
					<Add directory="/mnt/d/Personal/cpp-webserver-eventdriven/googletest/googletest/include"/>
					<Add directory="/mnt/d/Personal/cpp-webserver-eventdriven/googletest/googletest"/>
				</Compiler>
				<MakeCommands>
					<Build command="/usr/bin/make -f &quot;/mnt/d/Personal/cpp-webserver-eventdriven/googletest/googlemock/Makefile&quot;  VERBOSE=1 gmock_main"/>
					<CompileFile command="/usr/bin/make -f &quot;/mnt/d/Personal/cpp-webserver-eventdriven/googletest/googlemock/Makefile&quot;  VERBOSE=1 &quot;$file&quot;"/>
					<Clean command="/usr/bin/make -f &quot;/mnt/d/Personal/cpp-webserver-eventdriven/googletest/googlemock/Makefile&quot;  VERBOSE=1 clean"/>
					<DistClean command="/usr/bin/make -f &quot;/mnt/d/Personal/cpp-webserver-eventdriven/googletest/googlemock/Makefile&quot;  VERBOSE=1 clean"/>
				</MakeCommands>
			</Target>
			<Target title="gmock_main/fast">
				<Option output="/mnt/d/Personal/cpp-webserver-eventdriven/lib/libgmock_maind.a" prefix_auto="0" extension_auto="0"/>
				<Option working_dir="/mnt/d/Personal/cpp-webserver-eventdriven/googletest/googlemock"/>
				<Option object_output="./"/>
				<Option type="2"/>
				<Option compiler="gcc"/>
				<Compiler>
					<Add option="-D_CRT_SECURE_NO_WARNINGS"/>
					<Add option="-D_SCL_SECURE_NO_WARNINGS"/>
					<Add directory="/mnt/d/Personal/cpp-webserver-eventdriven/googletest/googlemock/include"/>
					<Add directory="/mnt/d/Personal/cpp-webserver-eventdriven/googletest/googlemock"/>
					<Add directory="/mnt/d/Personal/cpp-webserver-eventdriven/googletest/googletest/include"/>
					<Add directory="/mnt/d/Personal/cpp-webserver-eventdriven/googletest/googletest"/>
				</Compiler>
				<MakeCommands>
					<Build command="/usr/bin/make -f &quot;/mnt/d/Personal/cpp-webserver-eventdriven/googletest/googlemock/Makefile&quot;  VERBOSE=1 gmock_main/fast"/>
					<CompileFile command="/usr/bin/make -f &quot;/mnt/d/Personal/cpp-webserver-eventdriven/googletest/googlemock/Makefile&quot;  VERBOSE=1 &quot;$file&quot;"/>
					<Clean command="/usr/bin/make -f &quot;/mnt/d/Personal/cpp-webserver-eventdriven/googletest/googlemock/Makefile&quot;  VERBOSE=1 clean"/>
					<DistClean command="/usr/bin/make -f &quot;/mnt/d/Personal/cpp-webserver-eventdriven/googletest/googlemock/Makefile&quot;  VERBOSE=1 clean"/>
				</MakeCommands>
			</Target>
			<Target title="gmock">
				<Option output="/mnt/d/Personal/cpp-webserver-eventdriven/lib/libgmockd.a" prefix_auto="0" extension_auto="0"/>
				<Option working_dir="/mnt/d/Personal/cpp-webserver-eventdriven/googletest/googlemock"/>
				<Option object_output="./"/>
				<Option type="2"/>
				<Option compiler="gcc"/>
				<Compiler>
					<Add option="-D_CRT_SECURE_NO_WARNINGS"/>
					<Add option="-D_SCL_SECURE_NO_WARNINGS"/>
					<Add directory="/mnt/d/Personal/cpp-webserver-eventdriven/googletest/googlemock/include"/>
					<Add directory="/mnt/d/Personal/cpp-webserver-eventdriven/googletest/googlemock"/>
					<Add directory="/mnt/d/Personal/cpp-webserver-eventdriven/googletest/googletest/include"/>
					<Add directory="/mnt/d/Personal/cpp-webserver-eventdriven/googletest/googletest"/>
				</Compiler>
				<MakeCommands>
					<Build command="/usr/bin/make -f &quot;/mnt/d/Personal/cpp-webserver-eventdriven/googletest/googlemock/Makefile&quot;  VERBOSE=1 gmock"/>
					<CompileFile command="/usr/bin/make -f &quot;/mnt/d/Personal/cpp-webserver-eventdriven/googletest/googlemock/Makefile&quot;  VERBOSE=1 &quot;$file&quot;"/>
					<Clean command="/usr/bin/make -f &quot;/mnt/d/Personal/cpp-webserver-eventdriven/googletest/googlemock/Makefile&quot;  VERBOSE=1 clean"/>
					<DistClean command="/usr/bin/make -f &quot;/mnt/d/Personal/cpp-webserver-eventdriven/googletest/googlemock/Makefile&quot;  VERBOSE=1 clean"/>
				</MakeCommands>
			</Target>
			<Target title="gmock/fast">
				<Option output="/mnt/d/Personal/cpp-webserver-eventdriven/lib/libgmockd.a" prefix_auto="0" extension_auto="0"/>
				<Option working_dir="/mnt/d/Personal/cpp-webserver-eventdriven/googletest/googlemock"/>
				<Option object_output="./"/>
				<Option type="2"/>
				<Option compiler="gcc"/>
				<Compiler>
					<Add option="-D_CRT_SECURE_NO_WARNINGS"/>
					<Add option="-D_SCL_SECURE_NO_WARNINGS"/>
					<Add directory="/mnt/d/Personal/cpp-webserver-eventdriven/googletest/googlemock/include"/>
					<Add directory="/mnt/d/Personal/cpp-webserver-eventdriven/googletest/googlemock"/>
					<Add directory="/mnt/d/Personal/cpp-webserver-eventdriven/googletest/googletest/include"/>
					<Add directory="/mnt/d/Personal/cpp-webserver-eventdriven/googletest/googletest"/>
				</Compiler>
				<MakeCommands>
					<Build command="/usr/bin/make -f &quot;/mnt/d/Personal/cpp-webserver-eventdriven/googletest/googlemock/Makefile&quot;  VERBOSE=1 gmock/fast"/>
					<CompileFile command="/usr/bin/make -f &quot;/mnt/d/Personal/cpp-webserver-eventdriven/googletest/googlemock/Makefile&quot;  VERBOSE=1 &quot;$file&quot;"/>
					<Clean command="/usr/bin/make -f &quot;/mnt/d/Personal/cpp-webserver-eventdriven/googletest/googlemock/Makefile&quot;  VERBOSE=1 clean"/>
					<DistClean command="/usr/bin/make -f &quot;/mnt/d/Personal/cpp-webserver-eventdriven/googletest/googlemock/Makefile&quot;  VERBOSE=1 clean"/>
				</MakeCommands>
			</Target>
			<Target title="gtest_main">
				<Option output="/mnt/d/Personal/cpp-webserver-eventdriven/lib/libgtest_maind.a" prefix_auto="0" extension_auto="0"/>
				<Option working_dir="/mnt/d/Personal/cpp-webserver-eventdriven/googletest/googletest"/>
				<Option object_output="./"/>
				<Option type="2"/>
				<Option compiler="gcc"/>
				<Compiler>
					<Add option="-D_CRT_SECURE_NO_WARNINGS"/>
					<Add option="-D_SCL_SECURE_NO_WARNINGS"/>
					<Add directory="/mnt/d/Personal/cpp-webserver-eventdriven/googletest/googletest/include"/>
					<Add directory="/mnt/d/Personal/cpp-webserver-eventdriven/googletest/googletest"/>
				</Compiler>
				<MakeCommands>
					<Build command="/usr/bin/make -f &quot;/mnt/d/Personal/cpp-webserver-eventdriven/googletest/googletest/Makefile&quot;  VERBOSE=1 gtest_main"/>
					<CompileFile command="/usr/bin/make -f &quot;/mnt/d/Personal/cpp-webserver-eventdriven/googletest/googletest/Makefile&quot;  VERBOSE=1 &quot;$file&quot;"/>
					<Clean command="/usr/bin/make -f &quot;/mnt/d/Personal/cpp-webserver-eventdriven/googletest/googletest/Makefile&quot;  VERBOSE=1 clean"/>
					<DistClean command="/usr/bin/make -f &quot;/mnt/d/Personal/cpp-webserver-eventdriven/googletest/googletest/Makefile&quot;  VERBOSE=1 clean"/>
				</MakeCommands>
			</Target>
			<Target title="gtest_main/fast">
				<Option output="/mnt/d/Personal/cpp-webserver-eventdriven/lib/libgtest_maind.a" prefix_auto="0" extension_auto="0"/>
				<Option working_dir="/mnt/d/Personal/cpp-webserver-eventdriven/googletest/googletest"/>
				<Option object_output="./"/>
				<Option type="2"/>
				<Option compiler="gcc"/>
				<Compiler>
					<Add option="-D_CRT_SECURE_NO_WARNINGS"/>
					<Add option="-D_SCL_SECURE_NO_WARNINGS"/>
					<Add directory="/mnt/d/Personal/cpp-webserver-eventdriven/googletest/googletest/include"/>
					<Add directory="/mnt/d/Personal/cpp-webserver-eventdriven/googletest/googletest"/>
				</Compiler>
				<MakeCommands>
					<Build command="/usr/bin/make -f &quot;/mnt/d/Personal/cpp-webserver-eventdriven/googletest/googletest/Makefile&quot;  VERBOSE=1 gtest_main/fast"/>
					<CompileFile command="/usr/bin/make -f &quot;/mnt/d/Personal/cpp-webserver-eventdriven/googletest/googletest/Makefile&quot;  VERBOSE=1 &quot;$file&quot;"/>
					<Clean command="/usr/bin/make -f &quot;/mnt/d/Personal/cpp-webserver-eventdriven/googletest/googletest/Makefile&quot;  VERBOSE=1 clean"/>
					<DistClean command="/usr/bin/make -f &quot;/mnt/d/Personal/cpp-webserver-eventdriven/googletest/googletest/Makefile&quot;  VERBOSE=1 clean"/>
				</MakeCommands>
			</Target>
			<Target title="gtest">
				<Option output="/mnt/d/Personal/cpp-webserver-eventdriven/lib/libgtestd.a" prefix_auto="0" extension_auto="0"/>
				<Option working_dir="/mnt/d/Personal/cpp-webserver-eventdriven/googletest/googletest"/>
				<Option object_output="./"/>
				<Option type="2"/>
				<Option compiler="gcc"/>
				<Compiler>
					<Add option="-D_CRT_SECURE_NO_WARNINGS"/>
					<Add option="-D_SCL_SECURE_NO_WARNINGS"/>
					<Add directory="/mnt/d/Personal/cpp-webserver-eventdriven/googletest/googletest/include"/>
					<Add directory="/mnt/d/Personal/cpp-webserver-eventdriven/googletest/googletest"/>
				</Compiler>
				<MakeCommands>
					<Build command="/usr/bin/make -f &quot;/mnt/d/Personal/cpp-webserver-eventdriven/googletest/googletest/Makefile&quot;  VERBOSE=1 gtest"/>
					<CompileFile command="/usr/bin/make -f &quot;/mnt/d/Personal/cpp-webserver-eventdriven/googletest/googletest/Makefile&quot;  VERBOSE=1 &quot;$file&quot;"/>
					<Clean command="/usr/bin/make -f &quot;/mnt/d/Personal/cpp-webserver-eventdriven/googletest/googletest/Makefile&quot;  VERBOSE=1 clean"/>
					<DistClean command="/usr/bin/make -f &quot;/mnt/d/Personal/cpp-webserver-eventdriven/googletest/googletest/Makefile&quot;  VERBOSE=1 clean"/>
				</MakeCommands>
			</Target>
			<Target title="gtest/fast">
				<Option output="/mnt/d/Personal/cpp-webserver-eventdriven/lib/libgtestd.a" prefix_auto="0" extension_auto="0"/>
				<Option working_dir="/mnt/d/Personal/cpp-webserver-eventdriven/googletest/googletest"/>
				<Option object_output="./"/>
				<Option type="2"/>
				<Option compiler="gcc"/>
				<Compiler>
					<Add option="-D_CRT_SECURE_NO_WARNINGS"/>
					<Add option="-D_SCL_SECURE_NO_WARNINGS"/>
					<Add directory="/mnt/d/Personal/cpp-webserver-eventdriven/googletest/googletest/include"/>
					<Add directory="/mnt/d/Personal/cpp-webserver-eventdriven/googletest/googletest"/>
				</Compiler>
				<MakeCommands>
					<Build command="/usr/bin/make -f &quot;/mnt/d/Personal/cpp-webserver-eventdriven/googletest/googletest/Makefile&quot;  VERBOSE=1 gtest/fast"/>
					<CompileFile command="/usr/bin/make -f &quot;/mnt/d/Personal/cpp-webserver-eventdriven/googletest/googletest/Makefile&quot;  VERBOSE=1 &quot;$file&quot;"/>
					<Clean command="/usr/bin/make -f &quot;/mnt/d/Personal/cpp-webserver-eventdriven/googletest/googletest/Makefile&quot;  VERBOSE=1 clean"/>
					<DistClean command="/usr/bin/make -f &quot;/mnt/d/Personal/cpp-webserver-eventdriven/googletest/googletest/Makefile&quot;  VERBOSE=1 clean"/>
				</MakeCommands>
			</Target>
			<Target title="Console">
				<Option output="/mnt/d/Personal/cpp-webserver-eventdriven/bin/Console" prefix_auto="0" extension_auto="0"/>
				<Option working_dir="/mnt/d/Personal/cpp-webserver-eventdriven/bin"/>
				<Option object_output="./"/>
				<Option type="1"/>
				<Option compiler="gcc"/>
				<Compiler>
					<Add option="-D_CRT_SECURE_NO_WARNINGS"/>
					<Add option="-D_SCL_SECURE_NO_WARNINGS"/>
					<Add option="-DDEBUG_ENABLED"/>
					<Add directory="/mnt/d/Personal/cpp-webserver-eventdriven/Console/include"/>
					<Add directory="/mnt/d/Personal/cpp-webserver-eventdriven/Abstractions/include"/>
					<Add directory="/mnt/d/Personal/cpp-webserver-eventdriven/SocketServer/include"/>
					<Add directory="/mnt/d/Personal/cpp-webserver-eventdriven/HttpServer/include"/>
					<Add directory="/usr/local/include"/>
				</Compiler>
				<MakeCommands>
					<Build command="/usr/bin/make -f &quot;/mnt/d/Personal/cpp-webserver-eventdriven/Console/Makefile&quot;  VERBOSE=1 Console"/>
					<CompileFile command="/usr/bin/make -f &quot;/mnt/d/Personal/cpp-webserver-eventdriven/Console/Makefile&quot;  VERBOSE=1 &quot;$file&quot;"/>
					<Clean command="/usr/bin/make -f &quot;/mnt/d/Personal/cpp-webserver-eventdriven/Console/Makefile&quot;  VERBOSE=1 clean"/>
					<DistClean command="/usr/bin/make -f &quot;/mnt/d/Personal/cpp-webserver-eventdriven/Console/Makefile&quot;  VERBOSE=1 clean"/>
				</MakeCommands>
			</Target>
			<Target title="Console/fast">
				<Option output="/mnt/d/Personal/cpp-webserver-eventdriven/bin/Console" prefix_auto="0" extension_auto="0"/>
				<Option working_dir="/mnt/d/Personal/cpp-webserver-eventdriven/bin"/>
				<Option object_output="./"/>
				<Option type="1"/>
				<Option compiler="gcc"/>
				<Compiler>
					<Add option="-D_CRT_SECURE_NO_WARNINGS"/>
					<Add option="-D_SCL_SECURE_NO_WARNINGS"/>
					<Add option="-DDEBUG_ENABLED"/>
					<Add directory="/mnt/d/Personal/cpp-webserver-eventdriven/Console/include"/>
					<Add directory="/mnt/d/Personal/cpp-webserver-eventdriven/Abstractions/include"/>
					<Add directory="/mnt/d/Personal/cpp-webserver-eventdriven/SocketServer/include"/>
					<Add directory="/mnt/d/Personal/cpp-webserver-eventdriven/HttpServer/include"/>
					<Add directory="/usr/local/include"/>
				</Compiler>
				<MakeCommands>
					<Build command="/usr/bin/make -f &quot;/mnt/d/Personal/cpp-webserver-eventdriven/Console/Makefile&quot;  VERBOSE=1 Console/fast"/>
					<CompileFile command="/usr/bin/make -f &quot;/mnt/d/Personal/cpp-webserver-eventdriven/Console/Makefile&quot;  VERBOSE=1 &quot;$file&quot;"/>
					<Clean command="/usr/bin/make -f &quot;/mnt/d/Personal/cpp-webserver-eventdriven/Console/Makefile&quot;  VERBOSE=1 clean"/>
					<DistClean command="/usr/bin/make -f &quot;/mnt/d/Personal/cpp-webserver-eventdriven/Console/Makefile&quot;  VERBOSE=1 clean"/>
				</MakeCommands>
			</Target>
			<Target title="Abstractions">
				<Option output="/mnt/d/Personal/cpp-webserver-eventdriven/lib/libAbstractions.so" prefix_auto="0" extension_auto="0"/>
				<Option working_dir="/mnt/d/Personal/cpp-webserver-eventdriven/Abstractions"/>
				<Option object_output="./"/>
				<Option type="3"/>
				<Option compiler="gcc"/>
				<Compiler>
					<Add option="-D_CRT_SECURE_NO_WARNINGS"/>
					<Add option="-D_SCL_SECURE_NO_WARNINGS"/>
					<Add option="-DDEBUG_ENABLED"/>
					<Add directory="/mnt/d/Personal/cpp-webserver-eventdriven/Abstractions/include"/>
				</Compiler>
				<MakeCommands>
					<Build command="/usr/bin/make -f &quot;/mnt/d/Personal/cpp-webserver-eventdriven/Abstractions/Makefile&quot;  VERBOSE=1 Abstractions"/>
					<CompileFile command="/usr/bin/make -f &quot;/mnt/d/Personal/cpp-webserver-eventdriven/Abstractions/Makefile&quot;  VERBOSE=1 &quot;$file&quot;"/>
					<Clean command="/usr/bin/make -f &quot;/mnt/d/Personal/cpp-webserver-eventdriven/Abstractions/Makefile&quot;  VERBOSE=1 clean"/>
					<DistClean command="/usr/bin/make -f &quot;/mnt/d/Personal/cpp-webserver-eventdriven/Abstractions/Makefile&quot;  VERBOSE=1 clean"/>
				</MakeCommands>
			</Target>
			<Target title="Abstractions/fast">
				<Option output="/mnt/d/Personal/cpp-webserver-eventdriven/lib/libAbstractions.so" prefix_auto="0" extension_auto="0"/>
				<Option working_dir="/mnt/d/Personal/cpp-webserver-eventdriven/Abstractions"/>
				<Option object_output="./"/>
				<Option type="3"/>
				<Option compiler="gcc"/>
				<Compiler>
					<Add option="-D_CRT_SECURE_NO_WARNINGS"/>
					<Add option="-D_SCL_SECURE_NO_WARNINGS"/>
					<Add option="-DDEBUG_ENABLED"/>
					<Add directory="/mnt/d/Personal/cpp-webserver-eventdriven/Abstractions/include"/>
				</Compiler>
				<MakeCommands>
					<Build command="/usr/bin/make -f &quot;/mnt/d/Personal/cpp-webserver-eventdriven/Abstractions/Makefile&quot;  VERBOSE=1 Abstractions/fast"/>
					<CompileFile command="/usr/bin/make -f &quot;/mnt/d/Personal/cpp-webserver-eventdriven/Abstractions/Makefile&quot;  VERBOSE=1 &quot;$file&quot;"/>
					<Clean command="/usr/bin/make -f &quot;/mnt/d/Personal/cpp-webserver-eventdriven/Abstractions/Makefile&quot;  VERBOSE=1 clean"/>
					<DistClean command="/usr/bin/make -f &quot;/mnt/d/Personal/cpp-webserver-eventdriven/Abstractions/Makefile&quot;  VERBOSE=1 clean"/>
				</MakeCommands>
			</Target>
			<Target title="SocketServer">
				<Option output="/mnt/d/Personal/cpp-webserver-eventdriven/lib/libSocketServer.so" prefix_auto="0" extension_auto="0"/>
				<Option working_dir="/mnt/d/Personal/cpp-webserver-eventdriven/SocketServer"/>
				<Option object_output="./"/>
				<Option type="3"/>
				<Option compiler="gcc"/>
				<Compiler>
					<Add option="-D_CRT_SECURE_NO_WARNINGS"/>
					<Add option="-D_SCL_SECURE_NO_WARNINGS"/>
					<Add option="-DLINUX"/>
					<Add option="-DDEBUG_ENABLED"/>
					<Add directory="/usr/local/Cellar/openssl@1.1/1.1.1c/include"/>
					<Add directory="/mnt/d/Personal/cpp-webserver-eventdriven/SocketServer/include"/>
					<Add directory="/mnt/d/Personal/cpp-webserver-eventdriven/Abstractions/include"/>
					<Add directory="/usr/local/include"/>
				</Compiler>
				<MakeCommands>
					<Build command="/usr/bin/make -f &quot;/mnt/d/Personal/cpp-webserver-eventdriven/SocketServer/Makefile&quot;  VERBOSE=1 SocketServer"/>
					<CompileFile command="/usr/bin/make -f &quot;/mnt/d/Personal/cpp-webserver-eventdriven/SocketServer/Makefile&quot;  VERBOSE=1 &quot;$file&quot;"/>
					<Clean command="/usr/bin/make -f &quot;/mnt/d/Personal/cpp-webserver-eventdriven/SocketServer/Makefile&quot;  VERBOSE=1 clean"/>
					<DistClean command="/usr/bin/make -f &quot;/mnt/d/Personal/cpp-webserver-eventdriven/SocketServer/Makefile&quot;  VERBOSE=1 clean"/>
				</MakeCommands>
			</Target>
			<Target title="SocketServer/fast">
				<Option output="/mnt/d/Personal/cpp-webserver-eventdriven/lib/libSocketServer.so" prefix_auto="0" extension_auto="0"/>
				<Option working_dir="/mnt/d/Personal/cpp-webserver-eventdriven/SocketServer"/>
				<Option object_output="./"/>
				<Option type="3"/>
				<Option compiler="gcc"/>
				<Compiler>
					<Add option="-D_CRT_SECURE_NO_WARNINGS"/>
					<Add option="-D_SCL_SECURE_NO_WARNINGS"/>
					<Add option="-DLINUX"/>
					<Add option="-DDEBUG_ENABLED"/>
					<Add directory="/usr/local/Cellar/openssl@1.1/1.1.1c/include"/>
					<Add directory="/mnt/d/Personal/cpp-webserver-eventdriven/SocketServer/include"/>
					<Add directory="/mnt/d/Personal/cpp-webserver-eventdriven/Abstractions/include"/>
					<Add directory="/usr/local/include"/>
				</Compiler>
				<MakeCommands>
					<Build command="/usr/bin/make -f &quot;/mnt/d/Personal/cpp-webserver-eventdriven/SocketServer/Makefile&quot;  VERBOSE=1 SocketServer/fast"/>
					<CompileFile command="/usr/bin/make -f &quot;/mnt/d/Personal/cpp-webserver-eventdriven/SocketServer/Makefile&quot;  VERBOSE=1 &quot;$file&quot;"/>
					<Clean command="/usr/bin/make -f &quot;/mnt/d/Personal/cpp-webserver-eventdriven/SocketServer/Makefile&quot;  VERBOSE=1 clean"/>
					<DistClean command="/usr/bin/make -f &quot;/mnt/d/Personal/cpp-webserver-eventdriven/SocketServer/Makefile&quot;  VERBOSE=1 clean"/>
				</MakeCommands>
			</Target>
			<Target title="HttpServer">
				<Option output="/mnt/d/Personal/cpp-webserver-eventdriven/lib/libHttpServer.so" prefix_auto="0" extension_auto="0"/>
				<Option working_dir="/mnt/d/Personal/cpp-webserver-eventdriven/HttpServer"/>
				<Option object_output="./"/>
				<Option type="3"/>
				<Option compiler="gcc"/>
				<Compiler>
					<Add option="-D_CRT_SECURE_NO_WARNINGS"/>
					<Add option="-D_SCL_SECURE_NO_WARNINGS"/>
					<Add option="-DDEBUG_ENABLED"/>
					<Add directory="/mnt/d/Personal/cpp-webserver-eventdriven/HttpServer/include"/>
					<Add directory="/mnt/d/Personal/cpp-webserver-eventdriven/SocketServer/include"/>
					<Add directory="/mnt/d/Personal/cpp-webserver-eventdriven/Abstractions/include"/>
					<Add directory="/usr/local/include"/>
				</Compiler>
				<MakeCommands>
					<Build command="/usr/bin/make -f &quot;/mnt/d/Personal/cpp-webserver-eventdriven/HttpServer/Makefile&quot;  VERBOSE=1 HttpServer"/>
					<CompileFile command="/usr/bin/make -f &quot;/mnt/d/Personal/cpp-webserver-eventdriven/HttpServer/Makefile&quot;  VERBOSE=1 &quot;$file&quot;"/>
					<Clean command="/usr/bin/make -f &quot;/mnt/d/Personal/cpp-webserver-eventdriven/HttpServer/Makefile&quot;  VERBOSE=1 clean"/>
					<DistClean command="/usr/bin/make -f &quot;/mnt/d/Personal/cpp-webserver-eventdriven/HttpServer/Makefile&quot;  VERBOSE=1 clean"/>
				</MakeCommands>
			</Target>
			<Target title="HttpServer/fast">
				<Option output="/mnt/d/Personal/cpp-webserver-eventdriven/lib/libHttpServer.so" prefix_auto="0" extension_auto="0"/>
				<Option working_dir="/mnt/d/Personal/cpp-webserver-eventdriven/HttpServer"/>
				<Option object_output="./"/>
				<Option type="3"/>
				<Option compiler="gcc"/>
				<Compiler>
					<Add option="-D_CRT_SECURE_NO_WARNINGS"/>
					<Add option="-D_SCL_SECURE_NO_WARNINGS"/>
					<Add option="-DDEBUG_ENABLED"/>
					<Add directory="/mnt/d/Personal/cpp-webserver-eventdriven/HttpServer/include"/>
					<Add directory="/mnt/d/Personal/cpp-webserver-eventdriven/SocketServer/include"/>
					<Add directory="/mnt/d/Personal/cpp-webserver-eventdriven/Abstractions/include"/>
					<Add directory="/usr/local/include"/>
				</Compiler>
				<MakeCommands>
					<Build command="/usr/bin/make -f &quot;/mnt/d/Personal/cpp-webserver-eventdriven/HttpServer/Makefile&quot;  VERBOSE=1 HttpServer/fast"/>
					<CompileFile command="/usr/bin/make -f &quot;/mnt/d/Personal/cpp-webserver-eventdriven/HttpServer/Makefile&quot;  VERBOSE=1 &quot;$file&quot;"/>
					<Clean command="/usr/bin/make -f &quot;/mnt/d/Personal/cpp-webserver-eventdriven/HttpServer/Makefile&quot;  VERBOSE=1 clean"/>
					<DistClean command="/usr/bin/make -f &quot;/mnt/d/Personal/cpp-webserver-eventdriven/HttpServer/Makefile&quot;  VERBOSE=1 clean"/>
				</MakeCommands>
			</Target>
		</Build>
		<Unit filename="/mnt/d/Personal/cpp-webserver-eventdriven/Abstractions/include/Abstractions/DynamicLibrary.hpp">
			<Option target="Abstractions"/>
		</Unit>
		<Unit filename="/mnt/d/Personal/cpp-webserver-eventdriven/Abstractions/include/Abstractions/File.hpp">
			<Option target="Abstractions"/>
		</Unit>
		<Unit filename="/mnt/d/Personal/cpp-webserver-eventdriven/Abstractions/include/Abstractions/Logger.hpp">
			<Option target="Abstractions"/>
		</Unit>
		<Unit filename="/mnt/d/Personal/cpp-webserver-eventdriven/Abstractions/include/Abstractions/MemoryPool.hpp">
			<Option target="Abstractions"/>
		</Unit>
		<Unit filename="/mnt/d/Personal/cpp-webserver-eventdriven/Abstractions/src/DynamicLibrary.cpp">
			<Option target="Abstractions"/>
		</Unit>
		<Unit filename="/mnt/d/Personal/cpp-webserver-eventdriven/Abstractions/src/DynamicLibraryImpl.hpp">
			<Option target="Abstractions"/>
		</Unit>
		<Unit filename="/mnt/d/Personal/cpp-webserver-eventdriven/Abstractions/src/File.cpp">
			<Option target="Abstractions"/>
		</Unit>
		<Unit filename="/mnt/d/Personal/cpp-webserver-eventdriven/Abstractions/src/MemoryPool.cpp">
			<Option target="Abstractions"/>
		</Unit>
		<Unit filename="/mnt/d/Personal/cpp-webserver-eventdriven/Console/src/main.cpp">
			<Option target="Console"/>
		</Unit>
		<Unit filename="/mnt/d/Personal/cpp-webserver-eventdriven/HttpServer/include/Http/HttpContext.hpp">
			<Option target="HttpServer"/>
		</Unit>
		<Unit filename="/mnt/d/Personal/cpp-webserver-eventdriven/HttpServer/include/Http/HttpHeader.hpp">
			<Option target="HttpServer"/>
		</Unit>
		<Unit filename="/mnt/d/Personal/cpp-webserver-eventdriven/HttpServer/include/Http/HttpMethod.hpp">
			<Option target="HttpServer"/>
		</Unit>
		<Unit filename="/mnt/d/Personal/cpp-webserver-eventdriven/HttpServer/include/Http/HttpParser.hpp">
			<Option target="HttpServer"/>
		</Unit>
		<Unit filename="/mnt/d/Personal/cpp-webserver-eventdriven/HttpServer/include/Http/HttpProtocol.hpp">
			<Option target="HttpServer"/>
		</Unit>
		<Unit filename="/mnt/d/Personal/cpp-webserver-eventdriven/HttpServer/include/Http/HttpRequest.hpp">
			<Option target="HttpServer"/>
		</Unit>
		<Unit filename="/mnt/d/Personal/cpp-webserver-eventdriven/HttpServer/include/Http/HttpResponse.hpp">
			<Option target="HttpServer"/>
		</Unit>
		<Unit filename="/mnt/d/Personal/cpp-webserver-eventdriven/HttpServer/include/Http/HttpRouter.hpp">
			<Option target="HttpServer"/>
		</Unit>
		<Unit filename="/mnt/d/Personal/cpp-webserver-eventdriven/HttpServer/include/Http/HttpServer.hpp">
			<Option target="HttpServer"/>
		</Unit>
		<Unit filename="/mnt/d/Personal/cpp-webserver-eventdriven/HttpServer/include/Http/HttpStatusCode.hpp">
			<Option target="HttpServer"/>
		</Unit>
		<Unit filename="/mnt/d/Personal/cpp-webserver-eventdriven/HttpServer/include/Http/Sugar.hpp">
			<Option target="HttpServer"/>
		</Unit>
		<Unit filename="/mnt/d/Personal/cpp-webserver-eventdriven/HttpServer/src/HttpHeader.cpp">
			<Option target="HttpServer"/>
		</Unit>
		<Unit filename="/mnt/d/Personal/cpp-webserver-eventdriven/HttpServer/src/HttpParser.cpp">
			<Option target="HttpServer"/>
		</Unit>
		<Unit filename="/mnt/d/Personal/cpp-webserver-eventdriven/HttpServer/src/HttpRequest.cpp">
			<Option target="HttpServer"/>
		</Unit>
		<Unit filename="/mnt/d/Personal/cpp-webserver-eventdriven/HttpServer/src/HttpRouter.cpp">
			<Option target="HttpServer"/>
		</Unit>
		<Unit filename="/mnt/d/Personal/cpp-webserver-eventdriven/HttpServer/src/HttpServer.cpp">
			<Option target="HttpServer"/>
		</Unit>
		<Unit filename="/mnt/d/Personal/cpp-webserver-eventdriven/SocketServer/include/Socket/Channels/IChannel.hpp">
			<Option target="SocketServer"/>
		</Unit>
		<Unit filename="/mnt/d/Personal/cpp-webserver-eventdriven/SocketServer/include/Socket/Events/EventManager.hpp">
			<Option target="SocketServer"/>
		</Unit>
		<Unit filename="/mnt/d/Personal/cpp-webserver-eventdriven/SocketServer/include/Socket/Server.hpp">
			<Option target="SocketServer"/>
		</Unit>
		<Unit filename="/mnt/d/Personal/cpp-webserver-eventdriven/SocketServer/include/Socket/SocketOptionsBuilder.hpp">
			<Option target="SocketServer"/>
		</Unit>
		<Unit filename="/mnt/d/Personal/cpp-webserver-eventdriven/SocketServer/include/Socket/Sugar.hpp">
			<Option target="SocketServer"/>
		</Unit>
		<Unit filename="/mnt/d/Personal/cpp-webserver-eventdriven/SocketServer/src/Channels/NormalChannel.cpp">
			<Option target="SocketServer"/>
		</Unit>
		<Unit filename="/mnt/d/Personal/cpp-webserver-eventdriven/SocketServer/src/Channels/NormalChannel.hpp">
			<Option target="SocketServer"/>
		</Unit>
		<Unit filename="/mnt/d/Personal/cpp-webserver-eventdriven/SocketServer/src/Channels/SecureChannel.cpp">
			<Option target="SocketServer"/>
		</Unit>
		<Unit filename="/mnt/d/Personal/cpp-webserver-eventdriven/SocketServer/src/Channels/SecureChannel.hpp">
			<Option target="SocketServer"/>
		</Unit>
		<Unit filename="/mnt/d/Personal/cpp-webserver-eventdriven/SocketServer/src/Events/LinuxEventManager.cpp">
			<Option target="SocketServer"/>
		</Unit>
		<Unit filename="/mnt/d/Personal/cpp-webserver-eventdriven/SocketServer/src/NetUtils.cpp">
			<Option target="SocketServer"/>
		</Unit>
		<Unit filename="/mnt/d/Personal/cpp-webserver-eventdriven/SocketServer/src/NetUtils.hpp">
			<Option target="SocketServer"/>
		</Unit>
		<Unit filename="/mnt/d/Personal/cpp-webserver-eventdriven/SocketServer/src/Server.cpp">
			<Option target="SocketServer"/>
		</Unit>
		<Unit filename="/mnt/d/Personal/cpp-webserver-eventdriven/googletest/googlemock/src/gmock-all.cc">
			<Option target="gmock"/>
		</Unit>
		<Unit filename="/mnt/d/Personal/cpp-webserver-eventdriven/googletest/googlemock/src/gmock_main.cc">
			<Option target="gmock_main"/>
		</Unit>
		<Unit filename="/mnt/d/Personal/cpp-webserver-eventdriven/googletest/googletest/src/gtest-all.cc">
			<Option target="gtest"/>
		</Unit>
		<Unit filename="/mnt/d/Personal/cpp-webserver-eventdriven/googletest/googletest/src/gtest_main.cc">
			<Option target="gtest_main"/>
		</Unit>
		<Unit filename="/mnt/d/Personal/cpp-webserver-eventdriven/CMakeLists.txt">
			<Option virtualFolder="CMake Files\"/>
		</Unit>
		<Unit filename="/mnt/d/Personal/cpp-webserver-eventdriven/googletest/CMakeLists.txt">
			<Option virtualFolder="CMake Files\googletest\"/>
		</Unit>
		<Unit filename="/mnt/d/Personal/cpp-webserver-eventdriven/googletest/googlemock/CMakeLists.txt">
			<Option virtualFolder="CMake Files\googletest\googlemock\"/>
		</Unit>
		<Unit filename="/mnt/d/Personal/cpp-webserver-eventdriven/googletest/googlemock/cmake/gmock.pc.in">
			<Option virtualFolder="CMake Files\googletest\googlemock\cmake\"/>
		</Unit>
		<Unit filename="/mnt/d/Personal/cpp-webserver-eventdriven/googletest/googlemock/cmake/gmock_main.pc.in">
			<Option virtualFolder="CMake Files\googletest\googlemock\cmake\"/>
		</Unit>
		<Unit filename="/mnt/d/Personal/cpp-webserver-eventdriven/googletest/googletest/CMakeLists.txt">
			<Option virtualFolder="CMake Files\googletest\googletest\"/>
		</Unit>
		<Unit filename="/mnt/d/Personal/cpp-webserver-eventdriven/googletest/googletest/cmake/Config.cmake.in">
			<Option virtualFolder="CMake Files\googletest\googletest\cmake\"/>
		</Unit>
		<Unit filename="/mnt/d/Personal/cpp-webserver-eventdriven/googletest/googletest/cmake/gtest.pc.in">
			<Option virtualFolder="CMake Files\googletest\googletest\cmake\"/>
		</Unit>
		<Unit filename="/mnt/d/Personal/cpp-webserver-eventdriven/googletest/googletest/cmake/gtest_main.pc.in">
			<Option virtualFolder="CMake Files\googletest\googletest\cmake\"/>
		</Unit>
		<Unit filename="/mnt/d/Personal/cpp-webserver-eventdriven/googletest/googletest/cmake/internal_utils.cmake">
			<Option virtualFolder="CMake Files\googletest\googletest\cmake\"/>
		</Unit>
		<Unit filename="/mnt/d/Personal/cpp-webserver-eventdriven/Console/CMakeLists.txt">
			<Option virtualFolder="CMake Files\Console\"/>
		</Unit>
		<Unit filename="/mnt/d/Personal/cpp-webserver-eventdriven/CMake/FindLibreSSL.cmake">
			<Option virtualFolder="CMake Files\CMake\"/>
		</Unit>
		<Unit filename="/mnt/d/Personal/cpp-webserver-eventdriven/Abstractions/CMakeLists.txt">
			<Option virtualFolder="CMake Files\Abstractions\"/>
		</Unit>
		<Unit filename="/mnt/d/Personal/cpp-webserver-eventdriven/SocketServer/CMakeLists.txt">
			<Option virtualFolder="CMake Files\SocketServer\"/>
		</Unit>
		<Unit filename="/mnt/d/Personal/cpp-webserver-eventdriven/HttpServer/CMakeLists.txt">
			<Option virtualFolder="CMake Files\HttpServer\"/>
		</Unit>
	</Project>
</CodeBlocks_project_file>
